// !$*UTF8*$!
{
	archiveVersion = 1;
	classes = {
	};
	objectVersion = 50;
	objects = {

/* Begin PBXBuildFile section */
		AD7590DF25DE1AA100D6ED3D /* AppDelegate.swift in Sources */ = {isa = PBXBuildFile; fileRef = AD7590DE25DE1AA100D6ED3D /* AppDelegate.swift */; };
		AD7590E125DE1AA100D6ED3D /* GameScene.sks in Resources */ = {isa = PBXBuildFile; fileRef = AD7590E025DE1AA100D6ED3D /* GameScene.sks */; };
		AD7590E325DE1AA100D6ED3D /* Actions.sks in Resources */ = {isa = PBXBuildFile; fileRef = AD7590E225DE1AA100D6ED3D /* Actions.sks */; };
		AD7590E525DE1AA100D6ED3D /* GameScene.swift in Sources */ = {isa = PBXBuildFile; fileRef = AD7590E425DE1AA100D6ED3D /* GameScene.swift */; };
		AD7590E725DE1AA100D6ED3D /* GameViewController.swift in Sources */ = {isa = PBXBuildFile; fileRef = AD7590E625DE1AA100D6ED3D /* GameViewController.swift */; };
		AD7590EA25DE1AA200D6ED3D /* Main.storyboard in Resources */ = {isa = PBXBuildFile; fileRef = AD7590E825DE1AA200D6ED3D /* Main.storyboard */; };
		AD7590EC25DE1AA600D6ED3D /* Assets.xcassets in Resources */ = {isa = PBXBuildFile; fileRef = AD7590EB25DE1AA600D6ED3D /* Assets.xcassets */; };
		AD7590F725DE1AA700D6ED3D /* Space_InvadersTests.swift in Sources */ = {isa = PBXBuildFile; fileRef = AD7590F625DE1AA700D6ED3D /* Space_InvadersTests.swift */; };
		AD75910225DE1AA700D6ED3D /* Space_InvadersUITests.swift in Sources */ = {isa = PBXBuildFile; fileRef = AD75910125DE1AA700D6ED3D /* Space_InvadersUITests.swift */; };
		ADCE391325E0C78800889A92 /* GameOverScene.swift in Sources */ = {isa = PBXBuildFile; fileRef = ADCE391225E0C78800889A92 /* GameOverScene.swift */; };
		ADCE391825E10F6800889A92 /* MainMenuScene.swift in Sources */ = {isa = PBXBuildFile; fileRef = ADCE391725E10F6800889A92 /* MainMenuScene.swift */; };
		ADCE392D25E239CF00889A92 /* maskedHero.ttf in Resources */ = {isa = PBXBuildFile; fileRef = ADCE392C25E239CF00889A92 /* maskedHero.ttf */; };
/* End PBXBuildFile section */

/* Begin PBXContainerItemProxy section */
		AD7590F325DE1AA700D6ED3D /* PBXContainerItemProxy */ = {
			isa = PBXContainerItemProxy;
			containerPortal = AD7590D325DE1AA100D6ED3D /* Project object */;
			proxyType = 1;
			remoteGlobalIDString = AD7590DA25DE1AA100D6ED3D;
			remoteInfo = "Space Invaders";
		};
		AD7590FE25DE1AA700D6ED3D /* PBXContainerItemProxy */ = {
			isa = PBXContainerItemProxy;
			containerPortal = AD7590D325DE1AA100D6ED3D /* Project object */;
			proxyType = 1;
			remoteGlobalIDString = AD7590DA25DE1AA100D6ED3D;
			remoteInfo = "Space Invaders";
		};
/* End PBXContainerItemProxy section */

/* Begin PBXFileReference section */
		AD7590DB25DE1AA100D6ED3D /* Space Invaders.app */ = {isa = PBXFileReference; explicitFileType = wrapper.application; includeInIndex = 0; path = "Space Invaders.app"; sourceTree = BUILT_PRODUCTS_DIR; };
		AD7590DE25DE1AA100D6ED3D /* AppDelegate.swift */ = {isa = PBXFileReference; lastKnownFileType = sourcecode.swift; path = AppDelegate.swift; sourceTree = "<group>"; };
		AD7590E025DE1AA100D6ED3D /* GameScene.sks */ = {isa = PBXFileReference; lastKnownFileType = file.sks; path = GameScene.sks; sourceTree = "<group>"; };
		AD7590E225DE1AA100D6ED3D /* Actions.sks */ = {isa = PBXFileReference; lastKnownFileType = file.sks; path = Actions.sks; sourceTree = "<group>"; };
		AD7590E425DE1AA100D6ED3D /* GameScene.swift */ = {isa = PBXFileReference; lastKnownFileType = sourcecode.swift; path = GameScene.swift; sourceTree = "<group>"; };
		AD7590E625DE1AA100D6ED3D /* GameViewController.swift */ = {isa = PBXFileReference; lastKnownFileType = sourcecode.swift; path = GameViewController.swift; sourceTree = "<group>"; };
		AD7590E925DE1AA200D6ED3D /* Base */ = {isa = PBXFileReference; lastKnownFileType = file.storyboard; name = Base; path = Base.lproj/Main.storyboard; sourceTree = "<group>"; };
		AD7590EB25DE1AA600D6ED3D /* Assets.xcassets */ = {isa = PBXFileReference; lastKnownFileType = folder.assetcatalog; path = Assets.xcassets; sourceTree = "<group>"; };
		AD7590ED25DE1AA600D6ED3D /* Info.plist */ = {isa = PBXFileReference; lastKnownFileType = text.plist.xml; path = Info.plist; sourceTree = "<group>"; };
		AD7590F225DE1AA700D6ED3D /* Space InvadersTests.xctest */ = {isa = PBXFileReference; explicitFileType = wrapper.cfbundle; includeInIndex = 0; path = "Space InvadersTests.xctest"; sourceTree = BUILT_PRODUCTS_DIR; };
		AD7590F625DE1AA700D6ED3D /* Space_InvadersTests.swift */ = {isa = PBXFileReference; lastKnownFileType = sourcecode.swift; path = Space_InvadersTests.swift; sourceTree = "<group>"; };
		AD7590F825DE1AA700D6ED3D /* Info.plist */ = {isa = PBXFileReference; lastKnownFileType = text.plist.xml; path = Info.plist; sourceTree = "<group>"; };
		AD7590FD25DE1AA700D6ED3D /* Space InvadersUITests.xctest */ = {isa = PBXFileReference; explicitFileType = wrapper.cfbundle; includeInIndex = 0; path = "Space InvadersUITests.xctest"; sourceTree = BUILT_PRODUCTS_DIR; };
		AD75910125DE1AA700D6ED3D /* Space_InvadersUITests.swift */ = {isa = PBXFileReference; lastKnownFileType = sourcecode.swift; path = Space_InvadersUITests.swift; sourceTree = "<group>"; };
		AD75910325DE1AA700D6ED3D /* Info.plist */ = {isa = PBXFileReference; lastKnownFileType = text.plist.xml; path = Info.plist; sourceTree = "<group>"; };
		ADCE391225E0C78800889A92 /* GameOverScene.swift */ = {isa = PBXFileReference; lastKnownFileType = sourcecode.swift; path = GameOverScene.swift; sourceTree = "<group>"; };
		ADCE391725E10F6800889A92 /* MainMenuScene.swift */ = {isa = PBXFileReference; lastKnownFileType = sourcecode.swift; path = MainMenuScene.swift; sourceTree = "<group>"; };
		ADCE392C25E239CF00889A92 /* maskedHero.ttf */ = {isa = PBXFileReference; lastKnownFileType = file; path = maskedHero.ttf; sourceTree = "<group>"; };
/* End PBXFileReference section */

/* Begin PBXFrameworksBuildPhase section */
		AD7590D825DE1AA100D6ED3D /* Frameworks */ = {
			isa = PBXFrameworksBuildPhase;
			buildActionMask = 2147483647;
			files = (
			);
			runOnlyForDeploymentPostprocessing = 0;
		};
		AD7590EF25DE1AA700D6ED3D /* Frameworks */ = {
			isa = PBXFrameworksBuildPhase;
			buildActionMask = 2147483647;
			files = (
			);
			runOnlyForDeploymentPostprocessing = 0;
		};
		AD7590FA25DE1AA700D6ED3D /* Frameworks */ = {
			isa = PBXFrameworksBuildPhase;
			buildActionMask = 2147483647;
			files = (
			);
			runOnlyForDeploymentPostprocessing = 0;
		};
/* End PBXFrameworksBuildPhase section */

/* Begin PBXGroup section */
		AD7590D225DE1AA100D6ED3D = {
			isa = PBXGroup;
			children = (
				AD7590DD25DE1AA100D6ED3D /* Space Invaders */,
				AD7590F525DE1AA700D6ED3D /* Space InvadersTests */,
				AD75910025DE1AA700D6ED3D /* Space InvadersUITests */,
				AD7590DC25DE1AA100D6ED3D /* Products */,
			);
			sourceTree = "<group>";
		};
		AD7590DC25DE1AA100D6ED3D /* Products */ = {
			isa = PBXGroup;
			children = (
				AD7590DB25DE1AA100D6ED3D /* Space Invaders.app */,
				AD7590F225DE1AA700D6ED3D /* Space InvadersTests.xctest */,
				AD7590FD25DE1AA700D6ED3D /* Space InvadersUITests.xctest */,
			);
			name = Products;
			sourceTree = "<group>";
		};
		AD7590DD25DE1AA100D6ED3D /* Space Invaders */ = {
			isa = PBXGroup;
			children = (
				AD7590DE25DE1AA100D6ED3D /* AppDelegate.swift */,
				AD7590E025DE1AA100D6ED3D /* GameScene.sks */,
				AD7590E225DE1AA100D6ED3D /* Actions.sks */,
				AD7590E425DE1AA100D6ED3D /* GameScene.swift */,
				ADCE391725E10F6800889A92 /* MainMenuScene.swift */,
				ADCE391225E0C78800889A92 /* GameOverScene.swift */,
				AD7590E625DE1AA100D6ED3D /* GameViewController.swift */,
				AD7590E825DE1AA200D6ED3D /* Main.storyboard */,
				ADCE392C25E239CF00889A92 /* maskedHero.ttf */,
				AD7590EB25DE1AA600D6ED3D /* Assets.xcassets */,
				AD7590ED25DE1AA600D6ED3D /* Info.plist */,
			);
			path = "Space Invaders";
			sourceTree = "<group>";
		};
		AD7590F525DE1AA700D6ED3D /* Space InvadersTests */ = {
			isa = PBXGroup;
			children = (
				AD7590F625DE1AA700D6ED3D /* Space_InvadersTests.swift */,
				AD7590F825DE1AA700D6ED3D /* Info.plist */,
			);
			path = "Space InvadersTests";
			sourceTree = "<group>";
		};
		AD75910025DE1AA700D6ED3D /* Space InvadersUITests */ = {
			isa = PBXGroup;
			children = (
				AD75910125DE1AA700D6ED3D /* Space_InvadersUITests.swift */,
				AD75910325DE1AA700D6ED3D /* Info.plist */,
			);
			path = "Space InvadersUITests";
			sourceTree = "<group>";
		};
/* End PBXGroup section */

/* Begin PBXNativeTarget section */
		AD7590DA25DE1AA100D6ED3D /* Space Invaders */ = {
			isa = PBXNativeTarget;
			buildConfigurationList = AD75910625DE1AA700D6ED3D /* Build configuration list for PBXNativeTarget "Space Invaders" */;
			buildPhases = (
				AD7590D725DE1AA100D6ED3D /* Sources */,
				AD7590D825DE1AA100D6ED3D /* Frameworks */,
				AD7590D925DE1AA100D6ED3D /* Resources */,
			);
			buildRules = (
			);
			dependencies = (
			);
			name = "Space Invaders";
			productName = "Space Invaders";
			productReference = AD7590DB25DE1AA100D6ED3D /* Space Invaders.app */;
			productType = "com.apple.product-type.application";
		};
		AD7590F125DE1AA700D6ED3D /* Space InvadersTests */ = {
			isa = PBXNativeTarget;
			buildConfigurationList = AD75910925DE1AA700D6ED3D /* Build configuration list for PBXNativeTarget "Space InvadersTests" */;
			buildPhases = (
				AD7590EE25DE1AA700D6ED3D /* Sources */,
				AD7590EF25DE1AA700D6ED3D /* Frameworks */,
				AD7590F025DE1AA700D6ED3D /* Resources */,
			);
			buildRules = (
			);
			dependencies = (
				AD7590F425DE1AA700D6ED3D /* PBXTargetDependency */,
			);
			name = "Space InvadersTests";
			productName = "Space InvadersTests";
			productReference = AD7590F225DE1AA700D6ED3D /* Space InvadersTests.xctest */;
			productType = "com.apple.product-type.bundle.unit-test";
		};
		AD7590FC25DE1AA700D6ED3D /* Space InvadersUITests */ = {
			isa = PBXNativeTarget;
			buildConfigurationList = AD75910C25DE1AA700D6ED3D /* Build configuration list for PBXNativeTarget "Space InvadersUITests" */;
			buildPhases = (
				AD7590F925DE1AA700D6ED3D /* Sources */,
				AD7590FA25DE1AA700D6ED3D /* Frameworks */,
				AD7590FB25DE1AA700D6ED3D /* Resources */,
			);
			buildRules = (
			);
			dependencies = (
				AD7590FF25DE1AA700D6ED3D /* PBXTargetDependency */,
			);
			name = "Space InvadersUITests";
			productName = "Space InvadersUITests";
			productReference = AD7590FD25DE1AA700D6ED3D /* Space InvadersUITests.xctest */;
			productType = "com.apple.product-type.bundle.ui-testing";
		};
/* End PBXNativeTarget section */

/* Begin PBXProject section */
		AD7590D325DE1AA100D6ED3D /* Project object */ = {
			isa = PBXProject;
			attributes = {
				LastSwiftUpdateCheck = 1240;
				LastUpgradeCheck = 1240;
				TargetAttributes = {
					AD7590DA25DE1AA100D6ED3D = {
						CreatedOnToolsVersion = 12.4;
					};
					AD7590F125DE1AA700D6ED3D = {
						CreatedOnToolsVersion = 12.4;
						TestTargetID = AD7590DA25DE1AA100D6ED3D;
					};
					AD7590FC25DE1AA700D6ED3D = {
						CreatedOnToolsVersion = 12.4;
						TestTargetID = AD7590DA25DE1AA100D6ED3D;
					};
				};
			};
			buildConfigurationList = AD7590D625DE1AA100D6ED3D /* Build configuration list for PBXProject "Space Invaders" */;
			compatibilityVersion = "Xcode 9.3";
			developmentRegion = en;
			hasScannedForEncodings = 0;
			knownRegions = (
				en,
				Base,
			);
			mainGroup = AD7590D225DE1AA100D6ED3D;
			productRefGroup = AD7590DC25DE1AA100D6ED3D /* Products */;
			projectDirPath = "";
			projectRoot = "";
			targets = (
				AD7590DA25DE1AA100D6ED3D /* Space Invaders */,
				AD7590F125DE1AA700D6ED3D /* Space InvadersTests */,
				AD7590FC25DE1AA700D6ED3D /* Space InvadersUITests */,
			);
		};
/* End PBXProject section */

/* Begin PBXResourcesBuildPhase section */
		AD7590D925DE1AA100D6ED3D /* Resources */ = {
			isa = PBXResourcesBuildPhase;
			buildActionMask = 2147483647;
			files = (
				AD7590EA25DE1AA200D6ED3D /* Main.storyboard in Resources */,
				AD7590E125DE1AA100D6ED3D /* GameScene.sks in Resources */,
				AD7590EC25DE1AA600D6ED3D /* Assets.xcassets in Resources */,
				ADCE392D25E239CF00889A92 /* maskedHero.ttf in Resources */,
				AD7590E325DE1AA100D6ED3D /* Actions.sks in Resources */,
			);
			runOnlyForDeploymentPostprocessing = 0;
		};
		AD7590F025DE1AA700D6ED3D /* Resources */ = {
			isa = PBXResourcesBuildPhase;
			buildActionMask = 2147483647;
			files = (
			);
			runOnlyForDeploymentPostprocessing = 0;
		};
		AD7590FB25DE1AA700D6ED3D /* Resources */ = {
			isa = PBXResourcesBuildPhase;
			buildActionMask = 2147483647;
			files = (
			);
			runOnlyForDeploymentPostprocessing = 0;
		};
/* End PBXResourcesBuildPhase section */

/* Begin PBXSourcesBuildPhase section */
		AD7590D725DE1AA100D6ED3D /* Sources */ = {
			isa = PBXSourcesBuildPhase;
			buildActionMask = 2147483647;
			files = (
				ADCE391825E10F6800889A92 /* MainMenuScene.swift in Sources */,
				AD7590E525DE1AA100D6ED3D /* GameScene.swift in Sources */,
				AD7590E725DE1AA100D6ED3D /* GameViewController.swift in Sources */,
				ADCE391325E0C78800889A92 /* GameOverScene.swift in Sources */,
				AD7590DF25DE1AA100D6ED3D /* AppDelegate.swift in Sources */,
			);
			runOnlyForDeploymentPostprocessing = 0;
		};
		AD7590EE25DE1AA700D6ED3D /* Sources */ = {
			isa = PBXSourcesBuildPhase;
			buildActionMask = 2147483647;
			files = (
				AD7590F725DE1AA700D6ED3D /* Space_InvadersTests.swift in Sources */,
			);
			runOnlyForDeploymentPostprocessing = 0;
		};
		AD7590F925DE1AA700D6ED3D /* Sources */ = {
			isa = PBXSourcesBuildPhase;
			buildActionMask = 2147483647;
			files = (
				AD75910225DE1AA700D6ED3D /* Space_InvadersUITests.swift in Sources */,
			);
			runOnlyForDeploymentPostprocessing = 0;
		};
/* End PBXSourcesBuildPhase section */

/* Begin PBXTargetDependency section */
		AD7590F425DE1AA700D6ED3D /* PBXTargetDependency */ = {
			isa = PBXTargetDependency;
			target = AD7590DA25DE1AA100D6ED3D /* Space Invaders */;
			targetProxy = AD7590F325DE1AA700D6ED3D /* PBXContainerItemProxy */;
		};
		AD7590FF25DE1AA700D6ED3D /* PBXTargetDependency */ = {
			isa = PBXTargetDependency;
			target = AD7590DA25DE1AA100D6ED3D /* Space Invaders */;
			targetProxy = AD7590FE25DE1AA700D6ED3D /* PBXContainerItemProxy */;
		};
/* End PBXTargetDependency section */

/* Begin PBXVariantGroup section */
		AD7590E825DE1AA200D6ED3D /* Main.storyboard */ = {
			isa = PBXVariantGroup;
			children = (
				AD7590E925DE1AA200D6ED3D /* Base */,
			);
			name = Main.storyboard;
			sourceTree = "<group>";
		};
/* End PBXVariantGroup section */

/* Begin XCBuildConfiguration section */
		AD75910425DE1AA700D6ED3D /* Debug */ = {
			isa = XCBuildConfiguration;
			buildSettings = {
				ALWAYS_SEARCH_USER_PATHS = NO;
				CLANG_ANALYZER_NONNULL = YES;
				CLANG_ANALYZER_NUMBER_OBJECT_CONVERSION = YES_AGGRESSIVE;
				CLANG_CXX_LANGUAGE_STANDARD = "gnu++14";
				CLANG_CXX_LIBRARY = "libc++";
				CLANG_ENABLE_MODULES = YES;
				CLANG_ENABLE_OBJC_ARC = YES;
				CLANG_ENABLE_OBJC_WEAK = YES;
				CLANG_WARN_BLOCK_CAPTURE_AUTORELEASING = YES;
				CLANG_WARN_BOOL_CONVERSION = YES;
				CLANG_WARN_COMMA = YES;
				CLANG_WARN_CONSTANT_CONVERSION = YES;
				CLANG_WARN_DEPRECATED_OBJC_IMPLEMENTATIONS = YES;
				CLANG_WARN_DIRECT_OBJC_ISA_USAGE = YES_ERROR;
				CLANG_WARN_DOCUMENTATION_COMMENTS = YES;
				CLANG_WARN_EMPTY_BODY = YES;
				CLANG_WARN_ENUM_CONVERSION = YES;
				CLANG_WARN_INFINITE_RECURSION = YES;
				CLANG_WARN_INT_CONVERSION = YES;
				CLANG_WARN_NON_LITERAL_NULL_CONVERSION = YES;
				CLANG_WARN_OBJC_IMPLICIT_RETAIN_SELF = YES;
				CLANG_WARN_OBJC_LITERAL_CONVERSION = YES;
				CLANG_WARN_OBJC_ROOT_CLASS = YES_ERROR;
				CLANG_WARN_QUOTED_INCLUDE_IN_FRAMEWORK_HEADER = YES;
				CLANG_WARN_RANGE_LOOP_ANALYSIS = YES;
				CLANG_WARN_STRICT_PROTOTYPES = YES;
				CLANG_WARN_SUSPICIOUS_MOVE = YES;
				CLANG_WARN_UNGUARDED_AVAILABILITY = YES_AGGRESSIVE;
				CLANG_WARN_UNREACHABLE_CODE = YES;
				CLANG_WARN__DUPLICATE_METHOD_MATCH = YES;
				COPY_PHASE_STRIP = NO;
				DEBUG_INFORMATION_FORMAT = dwarf;
				ENABLE_STRICT_OBJC_MSGSEND = YES;
				ENABLE_TESTABILITY = YES;
				GCC_C_LANGUAGE_STANDARD = gnu11;
				GCC_DYNAMIC_NO_PIC = NO;
				GCC_NO_COMMON_BLOCKS = YES;
				GCC_OPTIMIZATION_LEVEL = 0;
				GCC_PREPROCESSOR_DEFINITIONS = (
					"DEBUG=1",
					"$(inherited)",
				);
				GCC_WARN_64_TO_32_BIT_CONVERSION = YES;
				GCC_WARN_ABOUT_RETURN_TYPE = YES_ERROR;
				GCC_WARN_UNDECLARED_SELECTOR = YES;
				GCC_WARN_UNINITIALIZED_AUTOS = YES_AGGRESSIVE;
				GCC_WARN_UNUSED_FUNCTION = YES;
				GCC_WARN_UNUSED_VARIABLE = YES;
				IPHONEOS_DEPLOYMENT_TARGET = 14.4;
				MTL_ENABLE_DEBUG_INFO = INCLUDE_SOURCE;
				MTL_FAST_MATH = YES;
				ONLY_ACTIVE_ARCH = YES;
				SDKROOT = iphoneos;
				SWIFT_ACTIVE_COMPILATION_CONDITIONS = DEBUG;
				SWIFT_OPTIMIZATION_LEVEL = "-Onone";
			};
			name = Debug;
		};
		AD75910525DE1AA700D6ED3D /* Release */ = {
			isa = XCBuildConfiguration;
			buildSettings = {
				ALWAYS_SEARCH_USER_PATHS = NO;
				CLANG_ANALYZER_NONNULL = YES;
				CLANG_ANALYZER_NUMBER_OBJECT_CONVERSION = YES_AGGRESSIVE;
				CLANG_CXX_LANGUAGE_STANDARD = "gnu++14";
				CLANG_CXX_LIBRARY = "libc++";
				CLANG_ENABLE_MODULES = YES;
				CLANG_ENABLE_OBJC_ARC = YES;
				CLANG_ENABLE_OBJC_WEAK = YES;
				CLANG_WARN_BLOCK_CAPTURE_AUTORELEASING = YES;
				CLANG_WARN_BOOL_CONVERSION = YES;
				CLANG_WARN_COMMA = YES;
				CLANG_WARN_CONSTANT_CONVERSION = YES;
				CLANG_WARN_DEPRECATED_OBJC_IMPLEMENTATIONS = YES;
				CLANG_WARN_DIRECT_OBJC_ISA_USAGE = YES_ERROR;
				CLANG_WARN_DOCUMENTATION_COMMENTS = YES;
				CLANG_WARN_EMPTY_BODY = YES;
				CLANG_WARN_ENUM_CONVERSION = YES;
				CLANG_WARN_INFINITE_RECURSION = YES;
				CLANG_WARN_INT_CONVERSION = YES;
				CLANG_WARN_NON_LITERAL_NULL_CONVERSION = YES;
				CLANG_WARN_OBJC_IMPLICIT_RETAIN_SELF = YES;
				CLANG_WARN_OBJC_LITERAL_CONVERSION = YES;
				CLANG_WARN_OBJC_ROOT_CLASS = YES_ERROR;
				CLANG_WARN_QUOTED_INCLUDE_IN_FRAMEWORK_HEADER = YES;
				CLANG_WARN_RANGE_LOOP_ANALYSIS = YES;
				CLANG_WARN_STRICT_PROTOTYPES = YES;
				CLANG_WARN_SUSPICIOUS_MOVE = YES;
				CLANG_WARN_UNGUARDED_AVAILABILITY = YES_AGGRESSIVE;
				CLANG_WARN_UNREACHABLE_CODE = YES;
				CLANG_WARN__DUPLICATE_METHOD_MATCH = YES;
				COPY_PHASE_STRIP = NO;
				DEBUG_INFORMATION_FORMAT = "dwarf-with-dsym";
				ENABLE_NS_ASSERTIONS = NO;
				ENABLE_STRICT_OBJC_MSGSEND = YES;
				GCC_C_LANGUAGE_STANDARD = gnu11;
				GCC_NO_COMMON_BLOCKS = YES;
				GCC_WARN_64_TO_32_BIT_CONVERSION = YES;
				GCC_WARN_ABOUT_RETURN_TYPE = YES_ERROR;
				GCC_WARN_UNDECLARED_SELECTOR = YES;
				GCC_WARN_UNINITIALIZED_AUTOS = YES_AGGRESSIVE;
				GCC_WARN_UNUSED_FUNCTION = YES;
				GCC_WARN_UNUSED_VARIABLE = YES;
				IPHONEOS_DEPLOYMENT_TARGET = 14.4;
				MTL_ENABLE_DEBUG_INFO = NO;
				MTL_FAST_MATH = YES;
				SDKROOT = iphoneos;
				SWIFT_COMPILATION_MODE = wholemodule;
				SWIFT_OPTIMIZATION_LEVEL = "-O";
				VALIDATE_PRODUCT = YES;
			};
			name = Release;
		};
		AD75910725DE1AA700D6ED3D /* Debug */ = {
			isa = XCBuildConfiguration;
			buildSettings = {
				ASSETCATALOG_COMPILER_APPICON_NAME = AppIcon;
				ASSETCATALOG_COMPILER_GLOBAL_ACCENT_COLOR_NAME = AccentColor;
				CODE_SIGN_STYLE = Automatic;
				DEVELOPMENT_TEAM = 8K79ZS5AYD;
				INFOPLIST_FILE = "Space Invaders/Info.plist";
				IPHONEOS_DEPLOYMENT_TARGET = 9.0;
				LD_RUNPATH_SEARCH_PATHS = (
					"$(inherited)",
					"@executable_path/Frameworks",
				);
				PRODUCT_BUNDLE_IDENTIFIER = "com.JoseFaustoProjects.Space-Invaders";
				PRODUCT_NAME = "$(TARGET_NAME)";
				SWIFT_VERSION = 5.0;
				TARGETED_DEVICE_FAMILY = "1,2";
			};
			name = Debug;
		};
		AD75910825DE1AA700D6ED3D /* Release */ = {
			isa = XCBuildConfiguration;
			buildSettings = {
				ASSETCATALOG_COMPILER_APPICON_NAME = AppIcon;
				ASSETCATALOG_COMPILER_GLOBAL_ACCENT_COLOR_NAME = AccentColor;
				CODE_SIGN_STYLE = Automatic;
				DEVELOPMENT_TEAM = 8K79ZS5AYD;
				INFOPLIST_FILE = "Space Invaders/Info.plist";
				IPHONEOS_DEPLOYMENT_TARGET = 9.0;
				LD_RUNPATH_SEARCH_PATHS = (
					"$(inherited)",
					"@executable_path/Frameworks",
				);
				PRODUCT_BUNDLE_IDENTIFIER = "com.JoseFaustoProjects.Space-Invaders";
				PRODUCT_NAME = "$(TARGET_NAME)";
				SWIFT_VERSION = 5.0;
				TARGETED_DEVICE_FAMILY = "1,2";
			};
			name = Release;
		};
		AD75910A25DE1AA700D6ED3D /* Debug */ = {
			isa = XCBuildConfiguration;
			buildSettings = {
				ALWAYS_EMBED_SWIFT_STANDARD_LIBRARIES = YES;
				BUNDLE_LOADER = "$(TEST_HOST)";
				CODE_SIGN_STYLE = Automatic;
				INFOPLIST_FILE = "Space InvadersTests/Info.plist";
				IPHONEOS_DEPLOYMENT_TARGET = 14.4;
				LD_RUNPATH_SEARCH_PATHS = (
					"$(inherited)",
					"@executable_path/Frameworks",
					"@loader_path/Frameworks",
				);
				PRODUCT_BUNDLE_IDENTIFIER = "com.JoseFaustoProjects.Space-InvadersTests";
				PRODUCT_NAME = "$(TARGET_NAME)";
				SWIFT_VERSION = 5.0;
				TARGETED_DEVICE_FAMILY = "1,2";
				TEST_HOST = "$(BUILT_PRODUCTS_DIR)/Space Invaders.app/Space Invaders";
			};
			name = Debug;
		};
		AD75910B25DE1AA700D6ED3D /* Release */ = {
			isa = XCBuildConfiguration;
			buildSettings = {
				ALWAYS_EMBED_SWIFT_STANDARD_LIBRARIES = YES;
				BUNDLE_LOADER = "$(TEST_HOST)";
				CODE_SIGN_STYLE = Automatic;
				INFOPLIST_FILE = "Space InvadersTests/Info.plist";
				IPHONEOS_DEPLOYMENT_TARGET = 14.4;
				LD_RUNPATH_SEARCH_PATHS = (
					"$(inherited)",
					"@executable_path/Frameworks",
					"@loader_path/Frameworks",
				);
				PRODUCT_BUNDLE_IDENTIFIER = "com.JoseFaustoProjects.Space-InvadersTests";
				PRODUCT_NAME = "$(TARGET_NAME)";
				SWIFT_VERSION = 5.0;
				TARGETED_DEVICE_FAMILY = "1,2";
				TEST_HOST = "$(BUILT_PRODUCTS_DIR)/Space Invaders.app/Space Invaders";
			};
			name = Release;
		};
		AD75910D25DE1AA700D6ED3D /* Debug */ = {
			isa = XCBuildConfiguration;
			buildSettings = {
				ALWAYS_EMBED_SWIFT_STANDARD_LIBRARIES = YES;
				CODE_SIGN_STYLE = Automatic;
				INFOPLIST_FILE = "Space InvadersUITests/Info.plist";
				LD_RUNPATH_SEARCH_PATHS = (
					"$(inherited)",
					"@executable_path/Frameworks",
					"@loader_path/Frameworks",
				);
				PRODUCT_BUNDLE_IDENTIFIER = "com.JoseFaustoProjects.Space-InvadersUITests";
				PRODUCT_NAME = "$(TARGET_NAME)";
				SWIFT_VERSION = 5.0;
				TARGETED_DEVICE_FAMILY = "1,2";
				TEST_TARGET_NAME = "Space Invaders";
			};
			name = Debug;
		};
		AD75910E25DE1AA700D6ED3D /* Release */ = {
			isa = XCBuildConfiguration;
			buildSettings = {
				ALWAYS_EMBED_SWIFT_STANDARD_LIBRARIES = YES;
				CODE_SIGN_STYLE = Automatic;
				INFOPLIST_FILE = "Space InvadersUITests/Info.plist";
				LD_RUNPATH_SEARCH_PATHS = (
					"$(inherited)",
					"@executable_path/Frameworks",
					"@loader_path/Frameworks",
				);
				PRODUCT_BUNDLE_IDENTIFIER = "com.JoseFaustoProjects.Space-InvadersUITests";
				PRODUCT_NAME = "$(TARGET_NAME)";
				SWIFT_VERSION = 5.0;
				TARGETED_DEVICE_FAMILY = "1,2";
				TEST_TARGET_NAME = "Space Invaders";
			};
			name = Release;
		};
/* End XCBuildConfiguration section */

/* Begin XCConfigurationList section */
		AD7590D625DE1AA100D6ED3D /* Build configuration list for PBXProject "Space Invaders" */ = {
			isa = XCConfigurationList;
			buildConfigurations = (
				AD75910425DE1AA700D6ED3D /* Debug */,
				AD75910525DE1AA700D6ED3D /* Release */,
			);
			defaultConfigurationIsVisible = 0;
			defaultConfigurationName = Release;
		};
		AD75910625DE1AA700D6ED3D /* Build configuration list for PBXNativeTarget "Space Invaders" */ = {
			isa = XCConfigurationList;
			buildConfigurations = (
				AD75910725DE1AA700D6ED3D /* Debug */,
				AD75910825DE1AA700D6ED3D /* Release */,
			);
			defaultConfigurationIsVisible = 0;
			defaultConfigurationName = Release;
		};
		AD75910925DE1AA700D6ED3D /* Build configuration list for PBXNativeTarget "Space InvadersTests" */ = {
			isa = XCConfigurationList;
			buildConfigurations = (
				AD75910A25DE1AA700D6ED3D /* Debug */,
				AD75910B25DE1AA700D6ED3D /* Release */,
			);
			defaultConfigurationIsVisible = 0;
			defaultConfigurationName = Release;
		};
		AD75910C25DE1AA700D6ED3D /* Build configuration list for PBXNativeTarget "Space InvadersUITests" */ = {
			isa = XCConfigurationList;
			buildConfigurations = (
				AD75910D25DE1AA700D6ED3D /* Debug */,
				AD75910E25DE1AA700D6ED3D /* Release */,
			);
			defaultConfigurationIsVisible = 0;
			defaultConfigurationName = Release;
		};
/* End XCConfigurationList section */
	};
	rootObject = AD7590D325DE1AA100D6ED3D /* Project object */;
}
